<?xml version="1.0" encoding="UTF-8" standalone="yes" ?>
<CodeBlocks_project_file>
	<FileVersion major="1" minor="6" />
	<Project>
		<Option title="wpio" />
		<Option pch_mode="2" />
		<Option compiler="gcc" />
		<Build>
			<Target title="Debug">
				<Option output="bin\Debug\wpio" prefix_auto="1" extension_auto="1" />
				<Option object_output="obj\Debug\" />
				<Option type="3" />
				<Option compiler="gcc" />
				<Option createDefFile="1" />
				<Option createStaticLib="1" />
				<Compiler>
					<Add option="-Wall" />
					<Add option="-DBUILD_DLL" />
					<Add option="-g" />
				</Compiler>
				<Linker>
					<Add library="user32" />
				</Linker>
			</Target>
			<Target title="Release">
				<Option output="bin\Release\wpio" prefix_auto="1" extension_auto="1" />
				<Option object_output="obj\Release\" />
				<Option type="3" />
				<Option compiler="gcc" />
				<Option createDefFile="1" />
				<Option createStaticLib="1" />
				<Compiler>
					<Add option="-Wall" />
					<Add option="-DBUILD_DLL" />
					<Add option="-O2" />
				</Compiler>
				<Linker>
					<Add option="-s" />
					<Add library="user32" />
				</Linker>
			</Target>
		</Build>
		<Compiler>
			<Add directory="..\glib-dev\include\glib-2.0" />
			<Add directory="..\glib-dev\lib\glib-2.0\include" />
		</Compiler>
		<Linker>
			<Add library="..\glib-dev\lib\libgobject-2.0.dll.a" />
			<Add library="..\glib-dev\lib\libglib-2.0.dll.a" />
			<Add directory="..\glib-dev\lib" />
		</Linker>
		<Unit filename="file.c">
			<Option compilerVar="CC" />
		</Unit>
		<Unit filename="file.h" />
		<Unit filename="libs\crc32.c">
			<Option compilerVar="CC" />
		</Unit>
		<Unit filename="libs\crc32.h" />
		<Unit filename="libs\xxtea.c">
			<Option compilerVar="CC" />
		</Unit>
		<Unit filename="libs\xxtea.h" />
		<Unit filename="wpes.c">
			<Option compilerVar="CC" />
		</Unit>
		<Unit filename="wpes.h" />
		<Unit filename="wpio.c">
			<Option compilerVar="CC" />
		</Unit>
		<Unit filename="wpio.h" />
		<Extensions>
			<code_completion />
			<debugger />
		</Extensions>
	</Project>
</CodeBlocks_project_file>
